
Microsoft Visual Studio Solution File, Format Version 12.00
# Visual Studio Version 17
VisualStudioVersion = 17.11.35327.3
MinimumVisualStudioVersion = 10.0.40219.1
Project("{FAE04EC0-301F-11D3-BF4B-00C04F79EFBC}") = "PlantManagement", "PlantManagement.csproj", "{CF98B68B-AB6A-45F3-AE3F-9289BCFB589E}"
EndProject
Global
	GlobalSection(SolutionConfigurationPlatforms) = preSolution
		Debug|Any CPU = Debug|Any CPU
		Release|Any CPU = Release|Any CPU
	EndGlobalSection
	GlobalSection(ProjectConfigurationPlatforms) = postSolution
		{CF98B68B-AB6A-45F3-AE3F-9289BCFB589E}.Debug|Any CPU.ActiveCfg = Debug|Any CPU
		{CF98B68B-AB6A-45F3-AE3F-9289BCFB589E}.Debug|Any CPU.Build.0 = Debug|Any CPU
		{CF98B68B-AB6A-45F3-AE3F-9289BCFB589E}.Release|Any CPU.ActiveCfg = Release|Any CPU
		{CF98B68B-AB6A-45F3-AE3F-9289BCFB589E}.Release|Any CPU.Build.0 = Release|Any CPU
	EndGlobalSection
	GlobalSection(SolutionProperties) = preSolution
		HideSolutionNode = FALSE
	EndGlobalSection
	GlobalSection(ExtensibilityGlobals) = postSolution
		SolutionGuid = {2418B434-FAF2-4FC3-BCC3-60507D11BC0A}
	EndGlobalSection
EndGlobal
